
Microsoft Visual Studio Solution File, Format Version 12.00
# Visual Studio Version 17
VisualStudioVersion = 17.4.33122.133
MinimumVisualStudioVersion = 10.0.40219.1
Project("{2150E333-8FDC-42A3-9474-1A3956D46DE8}") = "src", "src", "{2FE6F56C-E580-44D6-ADD3-F7756E96457A}"
EndProject
Project("{2150E333-8FDC-42A3-9474-1A3956D46DE8}") = "test", "test", "{A73F53B2-93EC-41BF-AE9C-29D99FDB872C}"
EndProject
Project("{2150E333-8FDC-42A3-9474-1A3956D46DE8}") = "API", "API", "{CD8CDC26-EB08-413F-BB2D-F47FBC1185B7}"
EndProject
Project("{2150E333-8FDC-42A3-9474-1A3956D46DE8}") = "Core", "Core", "{5DD05C82-659B-46AF-964F-DA27233DE583}"
EndProject
Project("{2150E333-8FDC-42A3-9474-1A3956D46DE8}") = "Infrastructure", "Infrastructure", "{7E895C72-0A0B-48B3-A108-3D9258D3937B}"
EndProject
Project("{2150E333-8FDC-42A3-9474-1A3956D46DE8}") = "UI", "UI", "{4E52E6AA-66F5-46AE-8408-C5985FEBF8DF}"
EndProject
Project("{9A19103F-16F7-4668-BE54-9A1E7A4F7556}") = "HR_Management.Application", "HR_Management.Application\HR_Management.Application.csproj", "{791E3165-E7A8-437C-B480-661CF3E72033}"
EndProject
Project("{9A19103F-16F7-4668-BE54-9A1E7A4F7556}") = "HR_Management_Domain", "HR_Management_Domain\HR_Management_Domain.csproj", "{6667A734-B002-4AB3-9880-EF5D873E9047}"
EndProject
Project("{9A19103F-16F7-4668-BE54-9A1E7A4F7556}") = "HR_Management.Infrastructure", "HR_Management.Infrastructure\HR_Management.Infrastructure.csproj", "{781887ED-7759-4F9B-A6A8-BCED9C93E29C}"
EndProject
Project("{9A19103F-16F7-4668-BE54-9A1E7A4F7556}") = "HR_Management.Persistence", "HR_Management.Persistence\HR_Management.Persistence.csproj", "{25C37DB0-6EE4-4CFA-86D5-B91DAB39C9B9}"
EndProject
Project("{9A19103F-16F7-4668-BE54-9A1E7A4F7556}") = "HR_Management.Api", "HR_Management.Api\HR_Management.Api.csproj", "{B2E9A975-5BE7-452D-A13F-DD36061F0C9C}"
EndProject
Project("{9A19103F-16F7-4668-BE54-9A1E7A4F7556}") = "HR_Management.Application.UnitTests", "HR_Management.Application.UnitTests\HR_Management.Application.UnitTests.csproj", "{94ECAE8A-8A71-401C-95F1-ADC2DE1AED2A}"
EndProject
Project("{9A19103F-16F7-4668-BE54-9A1E7A4F7556}") = "HR_Management.MVC", "HR_Management.MVC\HR_Management.MVC.csproj", "{82D3FF6C-9614-469B-AB81-9E2F6B1D4079}"
EndProject
Project("{FAE04EC0-301F-11D3-BF4B-00C04F79EFBC}") = "HR.Management.Identity", "HR.Management.Identity\HR.Management.Identity.csproj", "{151F8DA1-557C-4721-BD2B-235F63561499}"
EndProject
Global
	GlobalSection(SolutionConfigurationPlatforms) = preSolution
		Debug|Any CPU = Debug|Any CPU
		Release|Any CPU = Release|Any CPU
	EndGlobalSection
	GlobalSection(ProjectConfigurationPlatforms) = postSolution
		{791E3165-E7A8-437C-B480-661CF3E72033}.Debug|Any CPU.ActiveCfg = Debug|Any CPU
		{791E3165-E7A8-437C-B480-661CF3E72033}.Debug|Any CPU.Build.0 = Debug|Any CPU
		{791E3165-E7A8-437C-B480-661CF3E72033}.Release|Any CPU.ActiveCfg = Release|Any CPU
		{791E3165-E7A8-437C-B480-661CF3E72033}.Release|Any CPU.Build.0 = Release|Any CPU
		{6667A734-B002-4AB3-9880-EF5D873E9047}.Debug|Any CPU.ActiveCfg = Debug|Any CPU
		{6667A734-B002-4AB3-9880-EF5D873E9047}.Debug|Any CPU.Build.0 = Debug|Any CPU
		{6667A734-B002-4AB3-9880-EF5D873E9047}.Release|Any CPU.ActiveCfg = Release|Any CPU
		{6667A734-B002-4AB3-9880-EF5D873E9047}.Release|Any CPU.Build.0 = Release|Any CPU
		{781887ED-7759-4F9B-A6A8-BCED9C93E29C}.Debug|Any CPU.ActiveCfg = Debug|Any CPU
		{781887ED-7759-4F9B-A6A8-BCED9C93E29C}.Debug|Any CPU.Build.0 = Debug|Any CPU
		{781887ED-7759-4F9B-A6A8-BCED9C93E29C}.Release|Any CPU.ActiveCfg = Release|Any CPU
		{781887ED-7759-4F9B-A6A8-BCED9C93E29C}.Release|Any CPU.Build.0 = Release|Any CPU
		{25C37DB0-6EE4-4CFA-86D5-B91DAB39C9B9}.Debug|Any CPU.ActiveCfg = Debug|Any CPU
		{25C37DB0-6EE4-4CFA-86D5-B91DAB39C9B9}.Debug|Any CPU.Build.0 = Debug|Any CPU
		{25C37DB0-6EE4-4CFA-86D5-B91DAB39C9B9}.Release|Any CPU.ActiveCfg = Release|Any CPU
		{25C37DB0-6EE4-4CFA-86D5-B91DAB39C9B9}.Release|Any CPU.Build.0 = Release|Any CPU
		{B2E9A975-5BE7-452D-A13F-DD36061F0C9C}.Debug|Any CPU.ActiveCfg = Debug|Any CPU
		{B2E9A975-5BE7-452D-A13F-DD36061F0C9C}.Debug|Any CPU.Build.0 = Debug|Any CPU
		{B2E9A975-5BE7-452D-A13F-DD36061F0C9C}.Release|Any CPU.ActiveCfg = Release|Any CPU
		{B2E9A975-5BE7-452D-A13F-DD36061F0C9C}.Release|Any CPU.Build.0 = Release|Any CPU
		{94ECAE8A-8A71-401C-95F1-ADC2DE1AED2A}.Debug|Any CPU.ActiveCfg = Debug|Any CPU
		{94ECAE8A-8A71-401C-95F1-ADC2DE1AED2A}.Debug|Any CPU.Build.0 = Debug|Any CPU
		{94ECAE8A-8A71-401C-95F1-ADC2DE1AED2A}.Release|Any CPU.ActiveCfg = Release|Any CPU
		{94ECAE8A-8A71-401C-95F1-ADC2DE1AED2A}.Release|Any CPU.Build.0 = Release|Any CPU
		{82D3FF6C-9614-469B-AB81-9E2F6B1D4079}.Debug|Any CPU.ActiveCfg = Debug|Any CPU
		{82D3FF6C-9614-469B-AB81-9E2F6B1D4079}.Debug|Any CPU.Build.0 = Debug|Any CPU
		{82D3FF6C-9614-469B-AB81-9E2F6B1D4079}.Release|Any CPU.ActiveCfg = Release|Any CPU
		{82D3FF6C-9614-469B-AB81-9E2F6B1D4079}.Release|Any CPU.Build.0 = Release|Any CPU
		{151F8DA1-557C-4721-BD2B-235F63561499}.Debug|Any CPU.ActiveCfg = Debug|Any CPU
		{151F8DA1-557C-4721-BD2B-235F63561499}.Debug|Any CPU.Build.0 = Debug|Any CPU
		{151F8DA1-557C-4721-BD2B-235F63561499}.Release|Any CPU.ActiveCfg = Release|Any CPU
		{151F8DA1-557C-4721-BD2B-235F63561499}.Release|Any CPU.Build.0 = Release|Any CPU
	EndGlobalSection
	GlobalSection(SolutionProperties) = preSolution
		HideSolutionNode = FALSE
	EndGlobalSection
	GlobalSection(NestedProjects) = preSolution
		{CD8CDC26-EB08-413F-BB2D-F47FBC1185B7} = {2FE6F56C-E580-44D6-ADD3-F7756E96457A}
		{5DD05C82-659B-46AF-964F-DA27233DE583} = {2FE6F56C-E580-44D6-ADD3-F7756E96457A}
		{7E895C72-0A0B-48B3-A108-3D9258D3937B} = {2FE6F56C-E580-44D6-ADD3-F7756E96457A}
		{4E52E6AA-66F5-46AE-8408-C5985FEBF8DF} = {2FE6F56C-E580-44D6-ADD3-F7756E96457A}
		{791E3165-E7A8-437C-B480-661CF3E72033} = {5DD05C82-659B-46AF-964F-DA27233DE583}
		{6667A734-B002-4AB3-9880-EF5D873E9047} = {5DD05C82-659B-46AF-964F-DA27233DE583}
		{781887ED-7759-4F9B-A6A8-BCED9C93E29C} = {7E895C72-0A0B-48B3-A108-3D9258D3937B}
		{25C37DB0-6EE4-4CFA-86D5-B91DAB39C9B9} = {7E895C72-0A0B-48B3-A108-3D9258D3937B}
		{B2E9A975-5BE7-452D-A13F-DD36061F0C9C} = {CD8CDC26-EB08-413F-BB2D-F47FBC1185B7}
		{94ECAE8A-8A71-401C-95F1-ADC2DE1AED2A} = {A73F53B2-93EC-41BF-AE9C-29D99FDB872C}
		{82D3FF6C-9614-469B-AB81-9E2F6B1D4079} = {4E52E6AA-66F5-46AE-8408-C5985FEBF8DF}
		{151F8DA1-557C-4721-BD2B-235F63561499} = {7E895C72-0A0B-48B3-A108-3D9258D3937B}
	EndGlobalSection
	GlobalSection(ExtensibilityGlobals) = postSolution
		SolutionGuid = {57767E1A-AB83-4DE1-A69F-12ED49A5A23B}
	EndGlobalSection
EndGlobal
